// !$*UTF8*$!
{
	archiveVersion = 1;
	classes = {
	};
	objectVersion = 55;
	objects = {

/* Begin PBXBuildFile section */
		33221E3827A5B96E00DB8D63 /* MetalView.swift in Sources */ = {isa = PBXBuildFile; fileRef = 33221E3727A5B96E00DB8D63 /* MetalView.swift */; };
		33675C23279E2163002E767F /* Camera_ExperimentsApp.swift in Sources */ = {isa = PBXBuildFile; fileRef = 33675C22279E2163002E767F /* Camera_ExperimentsApp.swift */; };
		33675C25279E2163002E767F /* ContentView.swift in Sources */ = {isa = PBXBuildFile; fileRef = 33675C24279E2163002E767F /* ContentView.swift */; };
		33675C27279E2164002E767F /* Assets.xcassets in Resources */ = {isa = PBXBuildFile; fileRef = 33675C26279E2164002E767F /* Assets.xcassets */; };
		33675C2A279E2164002E767F /* Preview Assets.xcassets in Resources */ = {isa = PBXBuildFile; fileRef = 33675C29279E2164002E767F /* Preview Assets.xcassets */; };
		33AE989927AB94B4004B7417 /* CoreImage.framework in Frameworks */ = {isa = PBXBuildFile; fileRef = 33675C36279E30E4002E767F /* CoreImage.framework */; platformFilter = maccatalyst; };
		33AE989B27AB94BD004B7417 /* CoreMediaIO.framework in Frameworks */ = {isa = PBXBuildFile; fileRef = 33AE989A27AB94BD004B7417 /* CoreMediaIO.framework */; platformFilter = maccatalyst; };
		33AE98A827AB955E004B7417 /* Main.swift in Sources */ = {isa = PBXBuildFile; fileRef = 33AE989E27AB955E004B7417 /* Main.swift */; };
		33AE98A927AB955E004B7417 /* Device.swift in Sources */ = {isa = PBXBuildFile; fileRef = 33AE989F27AB955E004B7417 /* Device.swift */; };
		33AE98AA27AB955E004B7417 /* Log.swift in Sources */ = {isa = PBXBuildFile; fileRef = 33AE98A027AB955E004B7417 /* Log.swift */; };
		33AE98AB27AB955E004B7417 /* Object.swift in Sources */ = {isa = PBXBuildFile; fileRef = 33AE98A127AB955E004B7417 /* Object.swift */; };
		33AE98AC27AB955E004B7417 /* Property.swift in Sources */ = {isa = PBXBuildFile; fileRef = 33AE98A227AB955E004B7417 /* Property.swift */; };
		33AE98AD27AB955E004B7417 /* Info.plist in Resources */ = {isa = PBXBuildFile; fileRef = 33AE98A327AB955E004B7417 /* Info.plist */; };
		33AE98AE27AB955E004B7417 /* PluginInterface.swift in Sources */ = {isa = PBXBuildFile; fileRef = 33AE98A427AB955E004B7417 /* PluginInterface.swift */; };
		33AE98AF27AB955E004B7417 /* Stream.swift in Sources */ = {isa = PBXBuildFile; fileRef = 33AE98A627AB955E004B7417 /* Stream.swift */; };
		33AE98B027AB955E004B7417 /* Plugin.swift in Sources */ = {isa = PBXBuildFile; fileRef = 33AE98A727AB955E004B7417 /* Plugin.swift */; };
		33AE98B127AB960D004B7417 /* CameraExperimentsXPCProtocol.swift in Sources */ = {isa = PBXBuildFile; fileRef = 33D8EBE527A7351500D4D2AA /* CameraExperimentsXPCProtocol.swift */; };
		33D8EBDE27A6462300D4D2AA /* BackgroundReplacer.swift in Sources */ = {isa = PBXBuildFile; fileRef = 33D8EBDD27A6462300D4D2AA /* BackgroundReplacer.swift */; };
		33D8EBE027A646CA00D4D2AA /* FilterGroup.swift in Sources */ = {isa = PBXBuildFile; fileRef = 33D8EBDF27A646CA00D4D2AA /* FilterGroup.swift */; };
		33D8EBE827A736CB00D4D2AA /* XPCServiceManager.swift in Sources */ = {isa = PBXBuildFile; fileRef = 33D8EBE727A736CB00D4D2AA /* XPCServiceManager.swift */; };
		33D8EBEA27A737C100D4D2AA /* CameraExperimentsXPCProtocol.swift in Sources */ = {isa = PBXBuildFile; fileRef = 33D8EBE527A7351500D4D2AA /* CameraExperimentsXPCProtocol.swift */; };
		33D8EC2827A799D400D4D2AA /* ServiceDelegate.swift in Sources */ = {isa = PBXBuildFile; fileRef = 33D8EBE427A734A700D4D2AA /* ServiceDelegate.swift */; };
		33D8EC2927A799D400D4D2AA /* CameraExperimentsXPCProtocol.swift in Sources */ = {isa = PBXBuildFile; fileRef = 33D8EBE527A7351500D4D2AA /* CameraExperimentsXPCProtocol.swift */; };
		33D8EC2A27A799D400D4D2AA /* CameraExperimentsXPC.swift in Sources */ = {isa = PBXBuildFile; fileRef = 33D8EBE627A7358400D4D2AA /* CameraExperimentsXPC.swift */; };
		33D8EC2C27A79A5200D4D2AA /* main.swift in Sources */ = {isa = PBXBuildFile; fileRef = 33D8EC2B27A79A5200D4D2AA /* main.swift */; };
/* End PBXBuildFile section */

/* Begin PBXCopyFilesBuildPhase section */
		33D8EBFE27A75AF600D4D2AA /* Embed XPC Services */ = {
			isa = PBXCopyFilesBuildPhase;
			buildActionMask = 2147483647;
			dstPath = "$(CONTENTS_FOLDER_PATH)/XPCServices";
			dstSubfolderSpec = 16;
			files = (
			);
			name = "Embed XPC Services";
			runOnlyForDeploymentPostprocessing = 0;
		};
		33D8EC1E27A799C200D4D2AA /* CopyFiles */ = {
			isa = PBXCopyFilesBuildPhase;
			buildActionMask = 2147483647;
			dstPath = /usr/share/man/man1/;
			dstSubfolderSpec = 0;
			files = (
			);
			runOnlyForDeploymentPostprocessing = 1;
		};
/* End PBXCopyFilesBuildPhase section */

/* Begin PBXFileReference section */
		33221E3727A5B96E00DB8D63 /* MetalView.swift */ = {isa = PBXFileReference; lastKnownFileType = sourcecode.swift; path = MetalView.swift; sourceTree = "<group>"; };
		33675C1F279E2163002E767F /* Camera Experiments.app */ = {isa = PBXFileReference; explicitFileType = wrapper.application; includeInIndex = 0; path = "Camera Experiments.app"; sourceTree = BUILT_PRODUCTS_DIR; };
		33675C22279E2163002E767F /* Camera_ExperimentsApp.swift */ = {isa = PBXFileReference; lastKnownFileType = sourcecode.swift; path = Camera_ExperimentsApp.swift; sourceTree = "<group>"; };
		33675C24279E2163002E767F /* ContentView.swift */ = {isa = PBXFileReference; lastKnownFileType = sourcecode.swift; path = ContentView.swift; sourceTree = "<group>"; };
		33675C26279E2164002E767F /* Assets.xcassets */ = {isa = PBXFileReference; lastKnownFileType = folder.assetcatalog; path = Assets.xcassets; sourceTree = "<group>"; };
		33675C29279E2164002E767F /* Preview Assets.xcassets */ = {isa = PBXFileReference; lastKnownFileType = folder.assetcatalog; path = "Preview Assets.xcassets"; sourceTree = "<group>"; };
		33675C2B279E2164002E767F /* Camera_Experiments.entitlements */ = {isa = PBXFileReference; lastKnownFileType = text.plist.entitlements; path = Camera_Experiments.entitlements; sourceTree = "<group>"; };
		33675C36279E30E4002E767F /* CoreImage.framework */ = {isa = PBXFileReference; lastKnownFileType = wrapper.framework; name = CoreImage.framework; path = System/Library/Frameworks/CoreImage.framework; sourceTree = SDKROOT; };
		33AE989527AB9499004B7417 /* CameraExperimentsDAL.plugin */ = {isa = PBXFileReference; explicitFileType = wrapper.cfbundle; includeInIndex = 0; path = CameraExperimentsDAL.plugin; sourceTree = BUILT_PRODUCTS_DIR; };
		33AE989A27AB94BD004B7417 /* CoreMediaIO.framework */ = {isa = PBXFileReference; lastKnownFileType = wrapper.framework; name = CoreMediaIO.framework; path = System/Library/Frameworks/CoreMediaIO.framework; sourceTree = SDKROOT; };
		33AE989D27AB955D004B7417 /* CameraExperimentsDAL-Bridging-Header.h */ = {isa = PBXFileReference; lastKnownFileType = sourcecode.c.h; path = "CameraExperimentsDAL-Bridging-Header.h"; sourceTree = "<group>"; };
		33AE989E27AB955E004B7417 /* Main.swift */ = {isa = PBXFileReference; fileEncoding = 4; lastKnownFileType = sourcecode.swift; path = Main.swift; sourceTree = "<group>"; };
		33AE989F27AB955E004B7417 /* Device.swift */ = {isa = PBXFileReference; fileEncoding = 4; lastKnownFileType = sourcecode.swift; path = Device.swift; sourceTree = "<group>"; };
		33AE98A027AB955E004B7417 /* Log.swift */ = {isa = PBXFileReference; fileEncoding = 4; lastKnownFileType = sourcecode.swift; path = Log.swift; sourceTree = "<group>"; };
		33AE98A127AB955E004B7417 /* Object.swift */ = {isa = PBXFileReference; fileEncoding = 4; lastKnownFileType = sourcecode.swift; path = Object.swift; sourceTree = "<group>"; };
		33AE98A227AB955E004B7417 /* Property.swift */ = {isa = PBXFileReference; fileEncoding = 4; lastKnownFileType = sourcecode.swift; path = Property.swift; sourceTree = "<group>"; };
		33AE98A327AB955E004B7417 /* Info.plist */ = {isa = PBXFileReference; fileEncoding = 4; lastKnownFileType = text.plist.xml; path = Info.plist; sourceTree = "<group>"; };
		33AE98A427AB955E004B7417 /* PluginInterface.swift */ = {isa = PBXFileReference; fileEncoding = 4; lastKnownFileType = sourcecode.swift; path = PluginInterface.swift; sourceTree = "<group>"; };
		33AE98A627AB955E004B7417 /* Stream.swift */ = {isa = PBXFileReference; fileEncoding = 4; lastKnownFileType = sourcecode.swift; path = Stream.swift; sourceTree = "<group>"; };
		33AE98A727AB955E004B7417 /* Plugin.swift */ = {isa = PBXFileReference; fileEncoding = 4; lastKnownFileType = sourcecode.swift; path = Plugin.swift; sourceTree = "<group>"; };
		33D8EBDD27A6462300D4D2AA /* BackgroundReplacer.swift */ = {isa = PBXFileReference; lastKnownFileType = sourcecode.swift; path = BackgroundReplacer.swift; sourceTree = "<group>"; };
		33D8EBDF27A646CA00D4D2AA /* FilterGroup.swift */ = {isa = PBXFileReference; lastKnownFileType = sourcecode.swift; path = FilterGroup.swift; sourceTree = "<group>"; };
		33D8EBE427A734A700D4D2AA /* ServiceDelegate.swift */ = {isa = PBXFileReference; lastKnownFileType = sourcecode.swift; path = ServiceDelegate.swift; sourceTree = "<group>"; };
		33D8EBE527A7351500D4D2AA /* CameraExperimentsXPCProtocol.swift */ = {isa = PBXFileReference; lastKnownFileType = sourcecode.swift; path = CameraExperimentsXPCProtocol.swift; sourceTree = "<group>"; };
		33D8EBE627A7358400D4D2AA /* CameraExperimentsXPC.swift */ = {isa = PBXFileReference; lastKnownFileType = sourcecode.swift; path = CameraExperimentsXPC.swift; sourceTree = "<group>"; };
		33D8EBE727A736CB00D4D2AA /* XPCServiceManager.swift */ = {isa = PBXFileReference; lastKnownFileType = sourcecode.swift; path = XPCServiceManager.swift; sourceTree = "<group>"; };
		33D8EC0327A790C700D4D2AA /* Camera-Experiments-Info.plist */ = {isa = PBXFileReference; lastKnownFileType = text.plist; path = "Camera-Experiments-Info.plist"; sourceTree = SOURCE_ROOT; };
		33D8EC0427A7925200D4D2AA /* CameraExperimentsXPC.entitlements */ = {isa = PBXFileReference; lastKnownFileType = text.plist.entitlements; path = CameraExperimentsXPC.entitlements; sourceTree = "<group>"; };
		33D8EC2027A799C200D4D2AA /* CameraExperimentsXPC */ = {isa = PBXFileReference; explicitFileType = "compiled.mach-o.executable"; includeInIndex = 0; path = CameraExperimentsXPC; sourceTree = BUILT_PRODUCTS_DIR; };
		33D8EC2B27A79A5200D4D2AA /* main.swift */ = {isa = PBXFileReference; lastKnownFileType = sourcecode.swift; path = main.swift; sourceTree = "<group>"; };
/* End PBXFileReference section */

/* Begin PBXFrameworksBuildPhase section */
		33675C1C279E2163002E767F /* Frameworks */ = {
			isa = PBXFrameworksBuildPhase;
			buildActionMask = 2147483647;
			files = (
			);
			runOnlyForDeploymentPostprocessing = 0;
		};
		33AE989227AB9499004B7417 /* Frameworks */ = {
			isa = PBXFrameworksBuildPhase;
			buildActionMask = 2147483647;
			files = (
				33AE989B27AB94BD004B7417 /* CoreMediaIO.framework in Frameworks */,
				33AE989927AB94B4004B7417 /* CoreImage.framework in Frameworks */,
			);
			runOnlyForDeploymentPostprocessing = 0;
		};
		33D8EC1D27A799C200D4D2AA /* Frameworks */ = {
			isa = PBXFrameworksBuildPhase;
			buildActionMask = 2147483647;
			files = (
			);
			runOnlyForDeploymentPostprocessing = 0;
		};
/* End PBXFrameworksBuildPhase section */

/* Begin PBXGroup section */
		33675C16279E2163002E767F = {
			isa = PBXGroup;
			children = (
				33675C21279E2163002E767F /* Camera Experiments */,
				33AE989C27AB94C7004B7417 /* CameraExperimentsDAL */,
				33D8EBF027A75AF600D4D2AA /* CameraExperimentsXPC */,
				33675C35279E30E4002E767F /* Frameworks */,
				33675C20279E2163002E767F /* Products */,
			);
			sourceTree = "<group>";
		};
		33675C20279E2163002E767F /* Products */ = {
			isa = PBXGroup;
			children = (
				33675C1F279E2163002E767F /* Camera Experiments.app */,
				33D8EC2027A799C200D4D2AA /* CameraExperimentsXPC */,
				33AE989527AB9499004B7417 /* CameraExperimentsDAL.plugin */,
			);
			name = Products;
			sourceTree = "<group>";
		};
		33675C21279E2163002E767F /* Camera Experiments */ = {
			isa = PBXGroup;
			children = (
				33D8EC0327A790C700D4D2AA /* Camera-Experiments-Info.plist */,
				33675C26279E2164002E767F /* Assets.xcassets */,
				33D8EBDD27A6462300D4D2AA /* BackgroundReplacer.swift */,
				33675C2B279E2164002E767F /* Camera_Experiments.entitlements */,
				33675C22279E2163002E767F /* Camera_ExperimentsApp.swift */,
				33675C24279E2163002E767F /* ContentView.swift */,
				33D8EBDF27A646CA00D4D2AA /* FilterGroup.swift */,
				33221E3727A5B96E00DB8D63 /* MetalView.swift */,
				33675C28279E2164002E767F /* Preview Content */,
				33D8EBE727A736CB00D4D2AA /* XPCServiceManager.swift */,
			);
			path = "Camera Experiments";
			sourceTree = "<group>";
		};
		33675C28279E2164002E767F /* Preview Content */ = {
			isa = PBXGroup;
			children = (
				33675C29279E2164002E767F /* Preview Assets.xcassets */,
			);
			path = "Preview Content";
			sourceTree = "<group>";
		};
		33675C35279E30E4002E767F /* Frameworks */ = {
			isa = PBXGroup;
			children = (
				33AE989A27AB94BD004B7417 /* CoreMediaIO.framework */,
				33675C36279E30E4002E767F /* CoreImage.framework */,
			);
			name = Frameworks;
			sourceTree = "<group>";
		};
		33AE989C27AB94C7004B7417 /* CameraExperimentsDAL */ = {
			isa = PBXGroup;
			children = (
				33AE989F27AB955E004B7417 /* Device.swift */,
				33AE98A327AB955E004B7417 /* Info.plist */,
				33AE98A027AB955E004B7417 /* Log.swift */,
				33AE989E27AB955E004B7417 /* Main.swift */,
				33AE98A127AB955E004B7417 /* Object.swift */,
				33AE98A727AB955E004B7417 /* Plugin.swift */,
				33AE98A427AB955E004B7417 /* PluginInterface.swift */,
				33AE98A227AB955E004B7417 /* Property.swift */,
				33AE98A627AB955E004B7417 /* Stream.swift */,
				33AE989D27AB955D004B7417 /* CameraExperimentsDAL-Bridging-Header.h */,
			);
			path = CameraExperimentsDAL;
			sourceTree = "<group>";
		};
		33D8EBF027A75AF600D4D2AA /* CameraExperimentsXPC */ = {
			isa = PBXGroup;
			children = (
				33D8EC0427A7925200D4D2AA /* CameraExperimentsXPC.entitlements */,
				33D8EBE427A734A700D4D2AA /* ServiceDelegate.swift */,
				33D8EBE527A7351500D4D2AA /* CameraExperimentsXPCProtocol.swift */,
				33D8EBE627A7358400D4D2AA /* CameraExperimentsXPC.swift */,
				33D8EC2B27A79A5200D4D2AA /* main.swift */,
			);
			path = CameraExperimentsXPC;
			sourceTree = "<group>";
		};
/* End PBXGroup section */

/* Begin PBXNativeTarget section */
		33675C1E279E2163002E767F /* Camera Experiments */ = {
			isa = PBXNativeTarget;
			buildConfigurationList = 33675C2E279E2164002E767F /* Build configuration list for PBXNativeTarget "Camera Experiments" */;
			buildPhases = (
				33675C1B279E2163002E767F /* Sources */,
				33675C1C279E2163002E767F /* Frameworks */,
				33675C1D279E2163002E767F /* Resources */,
				33D8EBFE27A75AF600D4D2AA /* Embed XPC Services */,
			);
			buildRules = (
			);
			dependencies = (
			);
			name = "Camera Experiments";
			productName = "Camera Experiments";
			productReference = 33675C1F279E2163002E767F /* Camera Experiments.app */;
			productType = "com.apple.product-type.application";
		};
		33AE989427AB9499004B7417 /* CameraExperimentsDAL */ = {
			isa = PBXNativeTarget;
			buildConfigurationList = 33AE989827AB9499004B7417 /* Build configuration list for PBXNativeTarget "CameraExperimentsDAL" */;
			buildPhases = (
				33AE989127AB9499004B7417 /* Sources */,
				33AE989227AB9499004B7417 /* Frameworks */,
				33AE989327AB9499004B7417 /* Resources */,
			);
			buildRules = (
			);
			dependencies = (
			);
			name = CameraExperimentsDAL;
			productName = CameraExperimentsDAL;
			productReference = 33AE989527AB9499004B7417 /* CameraExperimentsDAL.plugin */;
			productType = "com.apple.product-type.bundle";
		};
		33D8EC1F27A799C200D4D2AA /* CameraExperimentsXPC */ = {
			isa = PBXNativeTarget;
			buildConfigurationList = 33D8EC2427A799C200D4D2AA /* Build configuration list for PBXNativeTarget "CameraExperimentsXPC" */;
			buildPhases = (
				33D8EC1C27A799C200D4D2AA /* Sources */,
				33D8EC1D27A799C200D4D2AA /* Frameworks */,
				33D8EC1E27A799C200D4D2AA /* CopyFiles */,
			);
			buildRules = (
			);
			dependencies = (
			);
			name = CameraExperimentsXPC;
			productName = CameraExperimentsXPC;
			productReference = 33D8EC2027A799C200D4D2AA /* CameraExperimentsXPC */;
			productType = "com.apple.product-type.tool";
		};
/* End PBXNativeTarget section */

/* Begin PBXProject section */
		33675C17279E2163002E767F /* Project object */ = {
			isa = PBXProject;
			attributes = {
				BuildIndependentTargetsInParallel = 1;
				LastSwiftUpdateCheck = 1320;
				LastUpgradeCheck = 1320;
				TargetAttributes = {
					33675C1E279E2163002E767F = {
						CreatedOnToolsVersion = 13.2.1;
					};
					33AE989427AB9499004B7417 = {
						CreatedOnToolsVersion = 13.2.1;
						LastSwiftMigration = 1320;
					};
					33D8EC1F27A799C200D4D2AA = {
						CreatedOnToolsVersion = 13.2.1;
					};
				};
			};
			buildConfigurationList = 33675C1A279E2163002E767F /* Build configuration list for PBXProject "Camera Experiments" */;
			compatibilityVersion = "Xcode 13.0";
			developmentRegion = en;
			hasScannedForEncodings = 0;
			knownRegions = (
				en,
				Base,
			);
			mainGroup = 33675C16279E2163002E767F;
			productRefGroup = 33675C20279E2163002E767F /* Products */;
			projectDirPath = "";
			projectRoot = "";
			targets = (
				33675C1E279E2163002E767F /* Camera Experiments */,
				33D8EC1F27A799C200D4D2AA /* CameraExperimentsXPC */,
				33AE989427AB9499004B7417 /* CameraExperimentsDAL */,
			);
		};
/* End PBXProject section */

/* Begin PBXResourcesBuildPhase section */
		33675C1D279E2163002E767F /* Resources */ = {
			isa = PBXResourcesBuildPhase;
			buildActionMask = 2147483647;
			files = (
				33675C2A279E2164002E767F /* Preview Assets.xcassets in Resources */,
				33675C27279E2164002E767F /* Assets.xcassets in Resources */,
			);
			runOnlyForDeploymentPostprocessing = 0;
		};
		33AE989327AB9499004B7417 /* Resources */ = {
			isa = PBXResourcesBuildPhase;
			buildActionMask = 2147483647;
			files = (
				33AE98AD27AB955E004B7417 /* Info.plist in Resources */,
			);
			runOnlyForDeploymentPostprocessing = 0;
		};
/* End PBXResourcesBuildPhase section */

/* Begin PBXSourcesBuildPhase section */
		33675C1B279E2163002E767F /* Sources */ = {
			isa = PBXSourcesBuildPhase;
			buildActionMask = 2147483647;
			files = (
				33D8EBDE27A6462300D4D2AA /* BackgroundReplacer.swift in Sources */,
				33D8EBE827A736CB00D4D2AA /* XPCServiceManager.swift in Sources */,
				33D8EBE027A646CA00D4D2AA /* FilterGroup.swift in Sources */,
				33D8EBEA27A737C100D4D2AA /* CameraExperimentsXPCProtocol.swift in Sources */,
				33675C25279E2163002E767F /* ContentView.swift in Sources */,
				33675C23279E2163002E767F /* Camera_ExperimentsApp.swift in Sources */,
				33221E3827A5B96E00DB8D63 /* MetalView.swift in Sources */,
			);
			runOnlyForDeploymentPostprocessing = 0;
		};
		33AE989127AB9499004B7417 /* Sources */ = {
			isa = PBXSourcesBuildPhase;
			buildActionMask = 2147483647;
			files = (
				33AE98AE27AB955E004B7417 /* PluginInterface.swift in Sources */,
				33AE98AC27AB955E004B7417 /* Property.swift in Sources */,
				33AE98A827AB955E004B7417 /* Main.swift in Sources */,
				33AE98A927AB955E004B7417 /* Device.swift in Sources */,
				33AE98AB27AB955E004B7417 /* Object.swift in Sources */,
				33AE98AA27AB955E004B7417 /* Log.swift in Sources */,
				33AE98B027AB955E004B7417 /* Plugin.swift in Sources */,
				33AE98AF27AB955E004B7417 /* Stream.swift in Sources */,
				33AE98B127AB960D004B7417 /* CameraExperimentsXPCProtocol.swift in Sources */,
			);
			runOnlyForDeploymentPostprocessing = 0;
		};
		33D8EC1C27A799C200D4D2AA /* Sources */ = {
			isa = PBXSourcesBuildPhase;
			buildActionMask = 2147483647;
			files = (
				33D8EC2827A799D400D4D2AA /* ServiceDelegate.swift in Sources */,
				33D8EC2927A799D400D4D2AA /* CameraExperimentsXPCProtocol.swift in Sources */,
				33D8EC2C27A79A5200D4D2AA /* main.swift in Sources */,
				33D8EC2A27A799D400D4D2AA /* CameraExperimentsXPC.swift in Sources */,
			);
			runOnlyForDeploymentPostprocessing = 0;
		};
/* End PBXSourcesBuildPhase section */

/* Begin XCBuildConfiguration section */
		33675C2C279E2164002E767F /* Debug */ = {
			isa = XCBuildConfiguration;
			buildSettings = {
				ALWAYS_SEARCH_USER_PATHS = NO;
				CLANG_ANALYZER_NONNULL = YES;
				CLANG_ANALYZER_NUMBER_OBJECT_CONVERSION = YES_AGGRESSIVE;
				CLANG_CXX_LANGUAGE_STANDARD = "gnu++17";
				CLANG_CXX_LIBRARY = "libc++";
				CLANG_ENABLE_MODULES = YES;
				CLANG_ENABLE_OBJC_ARC = YES;
				CLANG_ENABLE_OBJC_WEAK = YES;
				CLANG_WARN_BLOCK_CAPTURE_AUTORELEASING = YES;
				CLANG_WARN_BOOL_CONVERSION = YES;
				CLANG_WARN_COMMA = YES;
				CLANG_WARN_CONSTANT_CONVERSION = YES;
				CLANG_WARN_DEPRECATED_OBJC_IMPLEMENTATIONS = YES;
				CLANG_WARN_DIRECT_OBJC_ISA_USAGE = YES_ERROR;
				CLANG_WARN_DOCUMENTATION_COMMENTS = YES;
				CLANG_WARN_EMPTY_BODY = YES;
				CLANG_WARN_ENUM_CONVERSION = YES;
				CLANG_WARN_INFINITE_RECURSION = YES;
				CLANG_WARN_INT_CONVERSION = YES;
				CLANG_WARN_NON_LITERAL_NULL_CONVERSION = YES;
				CLANG_WARN_OBJC_IMPLICIT_RETAIN_SELF = YES;
				CLANG_WARN_OBJC_LITERAL_CONVERSION = YES;
				CLANG_WARN_OBJC_ROOT_CLASS = YES_ERROR;
				CLANG_WARN_QUOTED_INCLUDE_IN_FRAMEWORK_HEADER = YES;
				CLANG_WARN_RANGE_LOOP_ANALYSIS = YES;
				CLANG_WARN_STRICT_PROTOTYPES = YES;
				CLANG_WARN_SUSPICIOUS_MOVE = YES;
				CLANG_WARN_UNGUARDED_AVAILABILITY = YES_AGGRESSIVE;
				CLANG_WARN_UNREACHABLE_CODE = YES;
				CLANG_WARN__DUPLICATE_METHOD_MATCH = YES;
				COPY_PHASE_STRIP = NO;
				DEBUG_INFORMATION_FORMAT = dwarf;
				ENABLE_STRICT_OBJC_MSGSEND = YES;
				ENABLE_TESTABILITY = YES;
				GCC_C_LANGUAGE_STANDARD = gnu11;
				GCC_DYNAMIC_NO_PIC = NO;
				GCC_NO_COMMON_BLOCKS = YES;
				GCC_OPTIMIZATION_LEVEL = 0;
				GCC_PREPROCESSOR_DEFINITIONS = (
					"DEBUG=1",
					"$(inherited)",
				);
				GCC_WARN_64_TO_32_BIT_CONVERSION = YES;
				GCC_WARN_ABOUT_RETURN_TYPE = YES_ERROR;
				GCC_WARN_UNDECLARED_SELECTOR = YES;
				GCC_WARN_UNINITIALIZED_AUTOS = YES_AGGRESSIVE;
				GCC_WARN_UNUSED_FUNCTION = YES;
				GCC_WARN_UNUSED_VARIABLE = YES;
				MACOSX_DEPLOYMENT_TARGET = 12.1;
				MTL_ENABLE_DEBUG_INFO = INCLUDE_SOURCE;
				MTL_FAST_MATH = YES;
				ONLY_ACTIVE_ARCH = YES;
				SDKROOT = macosx;
				SWIFT_ACTIVE_COMPILATION_CONDITIONS = DEBUG;
				SWIFT_OPTIMIZATION_LEVEL = "-Onone";
			};
			name = Debug;
		};
		33675C2D279E2164002E767F /* Release */ = {
			isa = XCBuildConfiguration;
			buildSettings = {
				ALWAYS_SEARCH_USER_PATHS = NO;
				CLANG_ANALYZER_NONNULL = YES;
				CLANG_ANALYZER_NUMBER_OBJECT_CONVERSION = YES_AGGRESSIVE;
				CLANG_CXX_LANGUAGE_STANDARD = "gnu++17";
				CLANG_CXX_LIBRARY = "libc++";
				CLANG_ENABLE_MODULES = YES;
				CLANG_ENABLE_OBJC_ARC = YES;
				CLANG_ENABLE_OBJC_WEAK = YES;
				CLANG_WARN_BLOCK_CAPTURE_AUTORELEASING = YES;
				CLANG_WARN_BOOL_CONVERSION = YES;
				CLANG_WARN_COMMA = YES;
				CLANG_WARN_CONSTANT_CONVERSION = YES;
				CLANG_WARN_DEPRECATED_OBJC_IMPLEMENTATIONS = YES;
				CLANG_WARN_DIRECT_OBJC_ISA_USAGE = YES_ERROR;
				CLANG_WARN_DOCUMENTATION_COMMENTS = YES;
				CLANG_WARN_EMPTY_BODY = YES;
				CLANG_WARN_ENUM_CONVERSION = YES;
				CLANG_WARN_INFINITE_RECURSION = YES;
				CLANG_WARN_INT_CONVERSION = YES;
				CLANG_WARN_NON_LITERAL_NULL_CONVERSION = YES;
				CLANG_WARN_OBJC_IMPLICIT_RETAIN_SELF = YES;
				CLANG_WARN_OBJC_LITERAL_CONVERSION = YES;
				CLANG_WARN_OBJC_ROOT_CLASS = YES_ERROR;
				CLANG_WARN_QUOTED_INCLUDE_IN_FRAMEWORK_HEADER = YES;
				CLANG_WARN_RANGE_LOOP_ANALYSIS = YES;
				CLANG_WARN_STRICT_PROTOTYPES = YES;
				CLANG_WARN_SUSPICIOUS_MOVE = YES;
				CLANG_WARN_UNGUARDED_AVAILABILITY = YES_AGGRESSIVE;
				CLANG_WARN_UNREACHABLE_CODE = YES;
				CLANG_WARN__DUPLICATE_METHOD_MATCH = YES;
				COPY_PHASE_STRIP = NO;
				DEBUG_INFORMATION_FORMAT = "dwarf-with-dsym";
				ENABLE_NS_ASSERTIONS = NO;
				ENABLE_STRICT_OBJC_MSGSEND = YES;
				GCC_C_LANGUAGE_STANDARD = gnu11;
				GCC_NO_COMMON_BLOCKS = YES;
				GCC_WARN_64_TO_32_BIT_CONVERSION = YES;
				GCC_WARN_ABOUT_RETURN_TYPE = YES_ERROR;
				GCC_WARN_UNDECLARED_SELECTOR = YES;
				GCC_WARN_UNINITIALIZED_AUTOS = YES_AGGRESSIVE;
				GCC_WARN_UNUSED_FUNCTION = YES;
				GCC_WARN_UNUSED_VARIABLE = YES;
				MACOSX_DEPLOYMENT_TARGET = 12.1;
				MTL_ENABLE_DEBUG_INFO = NO;
				MTL_FAST_MATH = YES;
				SDKROOT = macosx;
				SWIFT_COMPILATION_MODE = wholemodule;
				SWIFT_OPTIMIZATION_LEVEL = "-O";
			};
			name = Release;
		};
		33675C2F279E2164002E767F /* Debug */ = {
			isa = XCBuildConfiguration;
			buildSettings = {
				ALWAYS_EMBED_SWIFT_STANDARD_LIBRARIES = YES;
				ASSETCATALOG_COMPILER_APPICON_NAME = AppIcon;
				ASSETCATALOG_COMPILER_GLOBAL_ACCENT_COLOR_NAME = AccentColor;
				CODE_SIGN_ENTITLEMENTS = "Camera Experiments/Camera_Experiments.entitlements";
				CODE_SIGN_IDENTITY = "Apple Development";
				CODE_SIGN_STYLE = Automatic;
				COMBINE_HIDPI_IMAGES = YES;
				CURRENT_PROJECT_VERSION = 1;
				DEVELOPMENT_ASSET_PATHS = "\"Camera Experiments/Preview Content\"";
				DEVELOPMENT_TEAM = J353EV7GXF;
				ENABLE_HARDENED_RUNTIME = YES;
				ENABLE_PREVIEWS = YES;
				GENERATE_INFOPLIST_FILE = YES;
				INFOPLIST_FILE = "Camera-Experiments-Info.plist";
				INFOPLIST_KEY_NSCameraUsageDescription = "Do some machine learning stuff on the camera";
				INFOPLIST_KEY_NSHumanReadableCopyright = "";
				LD_RUNPATH_SEARCH_PATHS = (
					"$(inherited)",
					"@executable_path/../Frameworks",
				);
				MARKETING_VERSION = 1.0;
				PRODUCT_BUNDLE_IDENTIFIER = com.joshlevine.CameraExperiements;
				PRODUCT_NAME = "$(TARGET_NAME)";
				SWIFT_EMIT_LOC_STRINGS = YES;
				SWIFT_VERSION = 5.0;
			};
			name = Debug;
		};
		33675C30279E2164002E767F /* Release */ = {
			isa = XCBuildConfiguration;
			buildSettings = {
				ALWAYS_EMBED_SWIFT_STANDARD_LIBRARIES = YES;
				ASSETCATALOG_COMPILER_APPICON_NAME = AppIcon;
				ASSETCATALOG_COMPILER_GLOBAL_ACCENT_COLOR_NAME = AccentColor;
				CODE_SIGN_ENTITLEMENTS = "Camera Experiments/Camera_Experiments.entitlements";
				CODE_SIGN_IDENTITY = "-";
				CODE_SIGN_STYLE = Automatic;
				COMBINE_HIDPI_IMAGES = YES;
				CURRENT_PROJECT_VERSION = 1;
				DEVELOPMENT_ASSET_PATHS = "\"Camera Experiments/Preview Content\"";
				DEVELOPMENT_TEAM = J353EV7GXF;
				ENABLE_HARDENED_RUNTIME = YES;
				ENABLE_PREVIEWS = YES;
				GENERATE_INFOPLIST_FILE = YES;
				INFOPLIST_FILE = "Camera-Experiments-Info.plist";
				INFOPLIST_KEY_NSCameraUsageDescription = "Do some machine learning stuff on the camera";
				INFOPLIST_KEY_NSHumanReadableCopyright = "";
				LD_RUNPATH_SEARCH_PATHS = (
					"$(inherited)",
					"@executable_path/../Frameworks",
				);
				MARKETING_VERSION = 1.0;
				PRODUCT_BUNDLE_IDENTIFIER = com.joshlevine.CameraExperiements;
				PRODUCT_NAME = "$(TARGET_NAME)";
				SWIFT_EMIT_LOC_STRINGS = YES;
				SWIFT_VERSION = 5.0;
			};
			name = Release;
		};
		33AE989627AB9499004B7417 /* Debug */ = {
			isa = XCBuildConfiguration;
			buildSettings = {
				CLANG_ENABLE_MODULES = YES;
				CODE_SIGN_IDENTITY = "Apple Development";
				CODE_SIGN_STYLE = Automatic;
				COMBINE_HIDPI_IMAGES = YES;
				CURRENT_PROJECT_VERSION = 1;
				DEVELOPMENT_TEAM = J353EV7GXF;
				GENERATE_INFOPLIST_FILE = YES;
				INFOPLIST_FILE = CameraExperimentsDAL/Info.plist;
				INFOPLIST_KEY_NSHumanReadableCopyright = "";
				INFOPLIST_KEY_NSPrincipalClass = "";
				INSTALL_PATH = "$(LOCAL_LIBRARY_DIR)/Bundles";
				LD_RUNPATH_SEARCH_PATHS = (
					"$(inherited)",
					"@executable_path/../Frameworks",
					"@loader_path/../Frameworks",
				);
				MACOSX_DEPLOYMENT_TARGET = 10.15;
				MARKETING_VERSION = 1.0;
				PRODUCT_BUNDLE_IDENTIFIER = com.joshlevine.CameraExperimentsDAL;
				PRODUCT_NAME = "$(TARGET_NAME)";
				SKIP_INSTALL = YES;
				SWIFT_EMIT_LOC_STRINGS = YES;
				SWIFT_OBJC_BRIDGING_HEADER = "CameraExperimentsDAL/CameraExperimentsDAL-Bridging-Header.h";
				SWIFT_OPTIMIZATION_LEVEL = "-Onone";
				SWIFT_VERSION = 5.0;
				WRAPPER_EXTENSION = plugin;
			};
			name = Debug;
		};
		33AE989727AB9499004B7417 /* Release */ = {
			isa = XCBuildConfiguration;
			buildSettings = {
				CLANG_ENABLE_MODULES = YES;
				CODE_SIGN_IDENTITY = "-";
				CODE_SIGN_STYLE = Automatic;
				COMBINE_HIDPI_IMAGES = YES;
				CURRENT_PROJECT_VERSION = 1;
				DEVELOPMENT_TEAM = J353EV7GXF;
				GENERATE_INFOPLIST_FILE = YES;
				INFOPLIST_FILE = CameraExperimentsDAL/Info.plist;
				INFOPLIST_KEY_NSHumanReadableCopyright = "";
				INFOPLIST_KEY_NSPrincipalClass = "";
				INSTALL_PATH = "$(LOCAL_LIBRARY_DIR)/Bundles";
				LD_RUNPATH_SEARCH_PATHS = (
					"$(inherited)",
					"@executable_path/../Frameworks",
					"@loader_path/../Frameworks",
				);
				MACOSX_DEPLOYMENT_TARGET = 10.15;
				MARKETING_VERSION = 1.0;
				PRODUCT_BUNDLE_IDENTIFIER = com.joshlevine.CameraExperimentsDAL;
				PRODUCT_NAME = "$(TARGET_NAME)";
				SKIP_INSTALL = YES;
				SWIFT_EMIT_LOC_STRINGS = YES;
				SWIFT_OBJC_BRIDGING_HEADER = "CameraExperimentsDAL/CameraExperimentsDAL-Bridging-Header.h";
				SWIFT_VERSION = 5.0;
				WRAPPER_EXTENSION = plugin;
			};
			name = Release;
		};
		33D8EC2527A799C200D4D2AA /* Debug */ = {
			isa = XCBuildConfiguration;
			buildSettings = {
				CODE_SIGN_STYLE = Automatic;
				DEVELOPMENT_TEAM = J353EV7GXF;
				ENABLE_HARDENED_RUNTIME = YES;
				PRODUCT_NAME = "$(TARGET_NAME)";
				SWIFT_VERSION = 5.0;
			};
			name = Debug;
		};
		33D8EC2627A799C200D4D2AA /* Release */ = {
			isa = XCBuildConfiguration;
			buildSettings = {
				CODE_SIGN_IDENTITY = "-";
				CODE_SIGN_STYLE = Automatic;
				DEVELOPMENT_TEAM = J353EV7GXF;
				ENABLE_HARDENED_RUNTIME = YES;
				PRODUCT_NAME = "$(TARGET_NAME)";
				SWIFT_VERSION = 5.0;
			};
			name = Release;
		};
/* End XCBuildConfiguration section */

/* Begin XCConfigurationList section */
		33675C1A279E2163002E767F /* Build configuration list for PBXProject "Camera Experiments" */ = {
			isa = XCConfigurationList;
			buildConfigurations = (
				33675C2C279E2164002E767F /* Debug */,
				33675C2D279E2164002E767F /* Release */,
			);
			defaultConfigurationIsVisible = 0;
			defaultConfigurationName = Release;
		};
		33675C2E279E2164002E767F /* Build configuration list for PBXNativeTarget "Camera Experiments" */ = {
			isa = XCConfigurationList;
			buildConfigurations = (
				33675C2F279E2164002E767F /* Debug */,
				33675C30279E2164002E767F /* Release */,
			);
			defaultConfigurationIsVisible = 0;
			defaultConfigurationName = Release;
		};
		33AE989827AB9499004B7417 /* Build configuration list for PBXNativeTarget "CameraExperimentsDAL" */ = {
			isa = XCConfigurationList;
			buildConfigurations = (
				33AE989627AB9499004B7417 /* Debug */,
				33AE989727AB9499004B7417 /* Release */,
			);
			defaultConfigurationIsVisible = 0;
			defaultConfigurationName = Release;
		};
		33D8EC2427A799C200D4D2AA /* Build configuration list for PBXNativeTarget "CameraExperimentsXPC" */ = {
			isa = XCConfigurationList;
			buildConfigurations = (
				33D8EC2527A799C200D4D2AA /* Debug */,
				33D8EC2627A799C200D4D2AA /* Release */,
			);
			defaultConfigurationIsVisible = 0;
			defaultConfigurationName = Release;
		};
/* End XCConfigurationList section */
	};
	rootObject = 33675C17279E2163002E767F /* Project object */;
}
